// !$*UTF8*$!
{
	archiveVersion = 1;
	classes = {
	};
	objectVersion = 46;
	objects = {

/* Begin PBXBuildFile section */
		3566C1571E949768004FD897 /* AppDelegate.swift in Sources */ = {isa = PBXBuildFile; fileRef = 3566C1561E949768004FD897 /* AppDelegate.swift */; };
		3566C1591E949768004FD897 /* ViewController.swift in Sources */ = {isa = PBXBuildFile; fileRef = 3566C1581E949768004FD897 /* ViewController.swift */; };
		3566C15C1E949768004FD897 /* Main.storyboard in Resources */ = {isa = PBXBuildFile; fileRef = 3566C15A1E949768004FD897 /* Main.storyboard */; };
		3566C15E1E949768004FD897 /* Assets.xcassets in Resources */ = {isa = PBXBuildFile; fileRef = 3566C15D1E949768004FD897 /* Assets.xcassets */; };
		3566C1611E949768004FD897 /* LaunchScreen.storyboard in Resources */ = {isa = PBXBuildFile; fileRef = 3566C15F1E949768004FD897 /* LaunchScreen.storyboard */; };
		3566C16C1E949768004FD897 /* c4csTests.swift in Sources */ = {isa = PBXBuildFile; fileRef = 3566C16B1E949768004FD897 /* c4csTests.swift */; };
		3566C1771E949769004FD897 /* c4csUITests.swift in Sources */ = {isa = PBXBuildFile; fileRef = 3566C1761E949769004FD897 /* c4csUITests.swift */; };
/* End PBXBuildFile section */

/* Begin PBXContainerItemProxy section */
		3566C1681E949768004FD897 /* PBXContainerItemProxy */ = {
			isa = PBXContainerItemProxy;
			containerPortal = 3566C14B1E949768004FD897 /* Project object */;
			proxyType = 1;
			remoteGlobalIDString = 3566C1521E949768004FD897;
			remoteInfo = c4cs;
		};
		3566C1731E949768004FD897 /* PBXContainerItemProxy */ = {
			isa = PBXContainerItemProxy;
			containerPortal = 3566C14B1E949768004FD897 /* Project object */;
			proxyType = 1;
			remoteGlobalIDString = 3566C1521E949768004FD897;
			remoteInfo = c4cs;
		};
/* End PBXContainerItemProxy section */

/* Begin PBXFileReference section */
		3566C1531E949768004FD897 /* c4cs.app */ = {isa = PBXFileReference; explicitFileType = wrapper.application; includeInIndex = 0; path = c4cs.app; sourceTree = BUILT_PRODUCTS_DIR; };
		3566C1561E949768004FD897 /* AppDelegate.swift */ = {isa = PBXFileReference; lastKnownFileType = sourcecode.swift; path = AppDelegate.swift; sourceTree = "<group>"; };
		3566C1581E949768004FD897 /* ViewController.swift */ = {isa = PBXFileReference; lastKnownFileType = sourcecode.swift; path = ViewController.swift; sourceTree = "<group>"; };
		3566C15B1E949768004FD897 /* Base */ = {isa = PBXFileReference; lastKnownFileType = file.storyboard; name = Base; path = Base.lproj/Main.storyboard; sourceTree = "<group>"; };
		3566C15D1E949768004FD897 /* Assets.xcassets */ = {isa = PBXFileReference; lastKnownFileType = folder.assetcatalog; path = Assets.xcassets; sourceTree = "<group>"; };
		3566C1601E949768004FD897 /* Base */ = {isa = PBXFileReference; lastKnownFileType = file.storyboard; name = Base; path = Base.lproj/LaunchScreen.storyboard; sourceTree = "<group>"; };
		3566C1621E949768004FD897 /* Info.plist */ = {isa = PBXFileReference; lastKnownFileType = text.plist.xml; path = Info.plist; sourceTree = "<group>"; };
		3566C1671E949768004FD897 /* c4csTests.xctest */ = {isa = PBXFileReference; explicitFileType = wrapper.cfbundle; includeInIndex = 0; path = c4csTests.xctest; sourceTree = BUILT_PRODUCTS_DIR; };
		3566C16B1E949768004FD897 /* c4csTests.swift */ = {isa = PBXFileReference; lastKnownFileType = sourcecode.swift; path = c4csTests.swift; sourceTree = "<group>"; };
		3566C16D1E949768004FD897 /* Info.plist */ = {isa = PBXFileReference; lastKnownFileType = text.plist.xml; path = Info.plist; sourceTree = "<group>"; };
		3566C1721E949768004FD897 /* c4csUITests.xctest */ = {isa = PBXFileReference; explicitFileType = wrapper.cfbundle; includeInIndex = 0; path = c4csUITests.xctest; sourceTree = BUILT_PRODUCTS_DIR; };
		3566C1761E949769004FD897 /* c4csUITests.swift */ = {isa = PBXFileReference; lastKnownFileType = sourcecode.swift; path = c4csUITests.swift; sourceTree = "<group>"; };
		3566C1781E949769004FD897 /* Info.plist */ = {isa = PBXFileReference; lastKnownFileType = text.plist.xml; path = Info.plist; sourceTree = "<group>"; };
/* End PBXFileReference section */

/* Begin PBXFrameworksBuildPhase section */
		3566C1501E949768004FD897 /* Frameworks */ = {
			isa = PBXFrameworksBuildPhase;
			buildActionMask = 2147483647;
			files = (
			);
			runOnlyForDeploymentPostprocessing = 0;
		};
		3566C1641E949768004FD897 /* Frameworks */ = {
			isa = PBXFrameworksBuildPhase;
			buildActionMask = 2147483647;
			files = (
			);
			runOnlyForDeploymentPostprocessing = 0;
		};
		3566C16F1E949768004FD897 /* Frameworks */ = {
			isa = PBXFrameworksBuildPhase;
			buildActionMask = 2147483647;
			files = (
			);
			runOnlyForDeploymentPostprocessing = 0;
		};
/* End PBXFrameworksBuildPhase section */

/* Begin PBXGroup section */
		3566C14A1E949768004FD897 = {
			isa = PBXGroup;
			children = (
				3566C1551E949768004FD897 /* c4cs */,
				3566C16A1E949768004FD897 /* c4csTests */,
				3566C1751E949769004FD897 /* c4csUITests */,
				3566C1541E949768004FD897 /* Products */,
			);
			sourceTree = "<group>";
		};
		3566C1541E949768004FD897 /* Products */ = {
			isa = PBXGroup;
			children = (
				3566C1531E949768004FD897 /* c4cs.app */,
				3566C1671E949768004FD897 /* c4csTests.xctest */,
				3566C1721E949768004FD897 /* c4csUITests.xctest */,
			);
			name = Products;
			sourceTree = "<group>";
		};
		3566C1551E949768004FD897 /* c4cs */ = {
			isa = PBXGroup;
			children = (
				3566C1561E949768004FD897 /* AppDelegate.swift */,
				3566C1581E949768004FD897 /* ViewController.swift */,
				3566C15A1E949768004FD897 /* Main.storyboard */,
				3566C15D1E949768004FD897 /* Assets.xcassets */,
				3566C15F1E949768004FD897 /* LaunchScreen.storyboard */,
				3566C1621E949768004FD897 /* Info.plist */,
			);
			path = c4cs;
			sourceTree = "<group>";
		};
		3566C16A1E949768004FD897 /* c4csTests */ = {
			isa = PBXGroup;
			children = (
				3566C16B1E949768004FD897 /* c4csTests.swift */,
				3566C16D1E949768004FD897 /* Info.plist */,
			);
			path = c4csTests;
			sourceTree = "<group>";
		};
		3566C1751E949769004FD897 /* c4csUITests */ = {
			isa = PBXGroup;
			children = (
				3566C1761E949769004FD897 /* c4csUITests.swift */,
				3566C1781E949769004FD897 /* Info.plist */,
			);
			path = c4csUITests;
			sourceTree = "<group>";
		};
/* End PBXGroup section */

/* Begin PBXNativeTarget section */
		3566C1521E949768004FD897 /* c4cs */ = {
			isa = PBXNativeTarget;
			buildConfigurationList = 3566C17B1E949769004FD897 /* Build configuration list for PBXNativeTarget "c4cs" */;
			buildPhases = (
				3566C14F1E949768004FD897 /* Sources */,
				3566C1501E949768004FD897 /* Frameworks */,
				3566C1511E949768004FD897 /* Resources */,
			);
			buildRules = (
			);
			dependencies = (
			);
			name = c4cs;
			productName = c4cs;
			productReference = 3566C1531E949768004FD897 /* c4cs.app */;
			productType = "com.apple.product-type.application";
		};
		3566C1661E949768004FD897 /* c4csTests */ = {
			isa = PBXNativeTarget;
			buildConfigurationList = 3566C17E1E949769004FD897 /* Build configuration list for PBXNativeTarget "c4csTests" */;
			buildPhases = (
				3566C1631E949768004FD897 /* Sources */,
				3566C1641E949768004FD897 /* Frameworks */,
				3566C1651E949768004FD897 /* Resources */,
			);
			buildRules = (
			);
			dependencies = (
				3566C1691E949768004FD897 /* PBXTargetDependency */,
			);
			name = c4csTests;
			productName = c4csTests;
			productReference = 3566C1671E949768004FD897 /* c4csTests.xctest */;
			productType = "com.apple.product-type.bundle.unit-test";
		};
		3566C1711E949768004FD897 /* c4csUITests */ = {
			isa = PBXNativeTarget;
			buildConfigurationList = 3566C1811E949769004FD897 /* Build configuration list for PBXNativeTarget "c4csUITests" */;
			buildPhases = (
				3566C16E1E949768004FD897 /* Sources */,
				3566C16F1E949768004FD897 /* Frameworks */,
				3566C1701E949768004FD897 /* Resources */,
			);
			buildRules = (
			);
			dependencies = (
				3566C1741E949768004FD897 /* PBXTargetDependency */,
			);
			name = c4csUITests;
			productName = c4csUITests;
			productReference = 3566C1721E949768004FD897 /* c4csUITests.xctest */;
			productType = "com.apple.product-type.bundle.ui-testing";
		};
/* End PBXNativeTarget section */

/* Begin PBXProject section */
		3566C14B1E949768004FD897 /* Project object */ = {
			isa = PBXProject;
			attributes = {
				LastSwiftUpdateCheck = 0820;
				LastUpgradeCheck = 0820;
				ORGANIZATIONNAME = "Anna Schmidt";
				TargetAttributes = {
					3566C1521E949768004FD897 = {
						CreatedOnToolsVersion = 8.2.1;
						ProvisioningStyle = Automatic;
					};
					3566C1661E949768004FD897 = {
						CreatedOnToolsVersion = 8.2.1;
						ProvisioningStyle = Automatic;
						TestTargetID = 3566C1521E949768004FD897;
					};
					3566C1711E949768004FD897 = {
						CreatedOnToolsVersion = 8.2.1;
						ProvisioningStyle = Automatic;
						TestTargetID = 3566C1521E949768004FD897;
					};
				};
			};
			buildConfigurationList = 3566C14E1E949768004FD897 /* Build configuration list for PBXProject "c4cs" */;
			compatibilityVersion = "Xcode 3.2";
			developmentRegion = English;
			hasScannedForEncodings = 0;
			knownRegions = (
				en,
				Base,
			);
			mainGroup = 3566C14A1E949768004FD897;
			productRefGroup = 3566C1541E949768004FD897 /* Products */;
			projectDirPath = "";
			projectRoot = "";
			targets = (
				3566C1521E949768004FD897 /* c4cs */,
				3566C1661E949768004FD897 /* c4csTests */,
				3566C1711E949768004FD897 /* c4csUITests */,
			);
		};
/* End PBXProject section */

/* Begin PBXResourcesBuildPhase section */
		3566C1511E949768004FD897 /* Resources */ = {
			isa = PBXResourcesBuildPhase;
			buildActionMask = 2147483647;
			files = (
				3566C1611E949768004FD897 /* LaunchScreen.storyboard in Resources */,
				3566C15E1E949768004FD897 /* Assets.xcassets in Resources */,
				3566C15C1E949768004FD897 /* Main.storyboard in Resources */,
			);
			runOnlyForDeploymentPostprocessing = 0;
		};
		3566C1651E949768004FD897 /* Resources */ = {
			isa = PBXResourcesBuildPhase;
			buildActionMask = 2147483647;
			files = (
			);
			runOnlyForDeploymentPostprocessing = 0;
		};
		3566C1701E949768004FD897 /* Resources */ = {
			isa = PBXResourcesBuildPhase;
			buildActionMask = 2147483647;
			files = (
			);
			runOnlyForDeploymentPostprocessing = 0;
		};
/* End PBXResourcesBuildPhase section */

/* Begin PBXSourcesBuildPhase section */
		3566C14F1E949768004FD897 /* Sources */ = {
			isa = PBXSourcesBuildPhase;
			buildActionMask = 2147483647;
			files = (
				3566C1591E949768004FD897 /* ViewController.swift in Sources */,
				3566C1571E949768004FD897 /* AppDelegate.swift in Sources */,
			);
			runOnlyForDeploymentPostprocessing = 0;
		};
		3566C1631E949768004FD897 /* Sources */ = {
			isa = PBXSourcesBuildPhase;
			buildActionMask = 2147483647;
			files = (
				3566C16C1E949768004FD897 /* c4csTests.swift in Sources */,
			);
			runOnlyForDeploymentPostprocessing = 0;
		};
		3566C16E1E949768004FD897 /* Sources */ = {
			isa = PBXSourcesBuildPhase;
			buildActionMask = 2147483647;
			files = (
				3566C1771E949769004FD897 /* c4csUITests.swift in Sources */,
			);
			runOnlyForDeploymentPostprocessing = 0;
		};
/* End PBXSourcesBuildPhase section */

/* Begin PBXTargetDependency section */
		3566C1691E949768004FD897 /* PBXTargetDependency */ = {
			isa = PBXTargetDependency;
			target = 3566C1521E949768004FD897 /* c4cs */;
			targetProxy = 3566C1681E949768004FD897 /* PBXContainerItemProxy */;
		};
		3566C1741E949768004FD897 /* PBXTargetDependency */ = {
			isa = PBXTargetDependency;
			target = 3566C1521E949768004FD897 /* c4cs */;
			targetProxy = 3566C1731E949768004FD897 /* PBXContainerItemProxy */;
		};
/* End PBXTargetDependency section */

/* Begin PBXVariantGroup section */
		3566C15A1E949768004FD897 /* Main.storyboard */ = {
			isa = PBXVariantGroup;
			children = (
				3566C15B1E949768004FD897 /* Base */,
			);
			name = Main.storyboard;
			sourceTree = "<group>";
		};
		3566C15F1E949768004FD897 /* LaunchScreen.storyboard */ = {
			isa = PBXVariantGroup;
			children = (
				3566C1601E949768004FD897 /* Base */,
			);
			name = LaunchScreen.storyboard;
			sourceTree = "<group>";
		};
/* End PBXVariantGroup section */

/* Begin XCBuildConfiguration section */
		3566C1791E949769004FD897 /* Debug */ = {
			isa = XCBuildConfiguration;
			buildSettings = {
				ALWAYS_SEARCH_USER_PATHS = NO;
				CLANG_ANALYZER_NONNULL = YES;
				CLANG_CXX_LANGUAGE_STANDARD = "gnu++0x";
				CLANG_CXX_LIBRARY = "libc++";
				CLANG_ENABLE_MODULES = YES;
				CLANG_ENABLE_OBJC_ARC = YES;
				CLANG_WARN_BOOL_CONVERSION = YES;
				CLANG_WARN_CONSTANT_CONVERSION = YES;
				CLANG_WARN_DIRECT_OBJC_ISA_USAGE = YES_ERROR;
				CLANG_WARN_DOCUMENTATION_COMMENTS = YES;
				CLANG_WARN_EMPTY_BODY = YES;
				CLANG_WARN_ENUM_CONVERSION = YES;
				CLANG_WARN_INFINITE_RECURSION = YES;
				CLANG_WARN_INT_CONVERSION = YES;
				CLANG_WARN_OBJC_ROOT_CLASS = YES_ERROR;
				CLANG_WARN_SUSPICIOUS_MOVE = YES;
				CLANG_WARN_UNREACHABLE_CODE = YES;
				CLANG_WARN__DUPLICATE_METHOD_MATCH = YES;
				"CODE_SIGN_IDENTITY[sdk=iphoneos*]" = "iPhone Developer";
				COPY_PHASE_STRIP = NO;
				DEBUG_INFORMATION_FORMAT = dwarf;
				ENABLE_STRICT_OBJC_MSGSEND = YES;
				ENABLE_TESTABILITY = YES;
				GCC_C_LANGUAGE_STANDARD = gnu99;
				GCC_DYNAMIC_NO_PIC = NO;
				GCC_NO_COMMON_BLOCKS = YES;
				GCC_OPTIMIZATION_LEVEL = 0;
				GCC_PREPROCESSOR_DEFINITIONS = (
					"DEBUG=1",
					"$(inherited)",
				);
				GCC_WARN_64_TO_32_BIT_CONVERSION = YES;
				GCC_WARN_ABOUT_RETURN_TYPE = YES_ERROR;
				GCC_WARN_UNDECLARED_SELECTOR = YES;
				GCC_WARN_UNINITIALIZED_AUTOS = YES_AGGRESSIVE;
				GCC_WARN_UNUSED_FUNCTION = YES;
				GCC_WARN_UNUSED_VARIABLE = YES;
				IPHONEOS_DEPLOYMENT_TARGET = 10.2;
				MTL_ENABLE_DEBUG_INFO = YES;
				ONLY_ACTIVE_ARCH = YES;
				SDKROOT = iphoneos;
				SWIFT_ACTIVE_COMPILATION_CONDITIONS = DEBUG;
				SWIFT_OPTIMIZATION_LEVEL = "-Onone";
				TARGETED_DEVICE_FAMILY = "1,2";
			};
			name = Debug;
		};
		3566C17A1E949769004FD897 /* Release */ = {
			isa = XCBuildConfiguration;
			buildSettings = {
				ALWAYS_SEARCH_USER_PATHS = NO;
				CLANG_ANALYZER_NONNULL = YES;
				CLANG_CXX_LANGUAGE_STANDARD = "gnu++0x";
				CLANG_CXX_LIBRARY = "libc++";
				CLANG_ENABLE_MODULES = YES;
				CLANG_ENABLE_OBJC_ARC = YES;
				CLANG_WARN_BOOL_CONVERSION = YES;
				CLANG_WARN_CONSTANT_CONVERSION = YES;
				CLANG_WARN_DIRECT_OBJC_ISA_USAGE = YES_ERROR;
				CLANG_WARN_DOCUMENTATION_COMMENTS = YES;
				CLANG_WARN_EMPTY_BODY = YES;
				CLANG_WARN_ENUM_CONVERSION = YES;
				CLANG_WARN_INFINITE_RECURSION = YES;
				CLANG_WARN_INT_CONVERSION = YES;
				CLANG_WARN_OBJC_ROOT_CLASS = YES_ERROR;
				CLANG_WARN_SUSPICIOUS_MOVE = YES;
				CLANG_WARN_UNREACHABLE_CODE = YES;
				CLANG_WARN__DUPLICATE_METHOD_MATCH = YES;
				"CODE_SIGN_IDENTITY[sdk=iphoneos*]" = "iPhone Developer";
				COPY_PHASE_STRIP = NO;
				DEBUG_INFORMATION_FORMAT = "dwarf-with-dsym";
				ENABLE_NS_ASSERTIONS = NO;
				ENABLE_STRICT_OBJC_MSGSEND = YES;
				GCC_C_LANGUAGE_STANDARD = gnu99;
				GCC_NO_COMMON_BLOCKS = YES;
				GCC_WARN_64_TO_32_BIT_CONVERSION = YES;
				GCC_WARN_ABOUT_RETURN_TYPE = YES_ERROR;
				GCC_WARN_UNDECLARED_SELECTOR = YES;
				GCC_WARN_UNINITIALIZED_AUTOS = YES_AGGRESSIVE;
				GCC_WARN_UNUSED_FUNCTION = YES;
				GCC_WARN_UNUSED_VARIABLE = YES;
				IPHONEOS_DEPLOYMENT_TARGET = 10.2;
				MTL_ENABLE_DEBUG_INFO = NO;
				SDKROOT = iphoneos;
				SWIFT_OPTIMIZATION_LEVEL = "-Owholemodule";
				TARGETED_DEVICE_FAMILY = "1,2";
				VALIDATE_PRODUCT = YES;
			};
			name = Release;
		};
		3566C17C1E949769004FD897 /* Debug */ = {
			isa = XCBuildConfiguration;
			buildSettings = {
				ASSETCATALOG_COMPILER_APPICON_NAME = AppIcon;
				INFOPLIST_FILE = c4cs/Info.plist;
				LD_RUNPATH_SEARCH_PATHS = "$(inherited) @executable_path/Frameworks";
				PRODUCT_BUNDLE_IDENTIFIER = com.anna.c4cs;
				PRODUCT_NAME = "$(TARGET_NAME)";
				SWIFT_VERSION = 3.0;
			};
			name = Debug;
		};
		3566C17D1E949769004FD897 /* Release */ = {
			isa = XCBuildConfiguration;
			buildSettings = {
				ASSETCATALOG_COMPILER_APPICON_NAME = AppIcon;
				INFOPLIST_FILE = c4cs/Info.plist;
				LD_RUNPATH_SEARCH_PATHS = "$(inherited) @executable_path/Frameworks";
				PRODUCT_BUNDLE_IDENTIFIER = com.anna.c4cs;
				PRODUCT_NAME = "$(TARGET_NAME)";
				SWIFT_VERSION = 3.0;
			};
			name = Release;
		};
		3566C17F1E949769004FD897 /* Debug */ = {
			isa = XCBuildConfiguration;
			buildSettings = {
				ALWAYS_EMBED_SWIFT_STANDARD_LIBRARIES = YES;
				BUNDLE_LOADER = "$(TEST_HOST)";
				INFOPLIST_FILE = c4csTests/Info.plist;
				LD_RUNPATH_SEARCH_PATHS = "$(inherited) @executable_path/Frameworks @loader_path/Frameworks";
				PRODUCT_BUNDLE_IDENTIFIER = com.anna.c4csTests;
				PRODUCT_NAME = "$(TARGET_NAME)";
				SWIFT_VERSION = 3.0;
				TEST_HOST = "$(BUILT_PRODUCTS_DIR)/c4cs.app/c4cs";
			};
			name = Debug;
		};
		3566C1801E949769004FD897 /* Release */ = {
			isa = XCBuildConfiguration;
			buildSettings = {
				ALWAYS_EMBED_SWIFT_STANDARD_LIBRARIES = YES;
				BUNDLE_LOADER = "$(TEST_HOST)";
				INFOPLIST_FILE = c4csTests/Info.plist;
				LD_RUNPATH_SEARCH_PATHS = "$(inherited) @executable_path/Frameworks @loader_path/Frameworks";
				PRODUCT_BUNDLE_IDENTIFIER = com.anna.c4csTests;
				PRODUCT_NAME = "$(TARGET_NAME)";
				SWIFT_VERSION = 3.0;
				TEST_HOST = "$(BUILT_PRODUCTS_DIR)/c4cs.app/c4cs";
			};
			name = Release;
		};
		3566C1821E949769004FD897 /* Debug */ = {
			isa = XCBuildConfiguration;
			buildSettings = {
				ALWAYS_EMBED_SWIFT_STANDARD_LIBRARIES = YES;
				INFOPLIST_FILE = c4csUITests/Info.plist;
				LD_RUNPATH_SEARCH_PATHS = "$(inherited) @executable_path/Frameworks @loader_path/Frameworks";
				PRODUCT_BUNDLE_IDENTIFIER = com.anna.c4csUITests;
				PRODUCT_NAME = "$(TARGET_NAME)";
				SWIFT_VERSION = 3.0;
				TEST_TARGET_NAME = c4cs;
			};
			name = Debug;
		};
		3566C1831E949769004FD897 /* Release */ = {
			isa = XCBuildConfiguration;
			buildSettings = {
				ALWAYS_EMBED_SWIFT_STANDARD_LIBRARIES = YES;
				INFOPLIST_FILE = c4csUITests/Info.plist;
				LD_RUNPATH_SEARCH_PATHS = "$(inherited) @executable_path/Frameworks @loader_path/Frameworks";
				PRODUCT_BUNDLE_IDENTIFIER = com.anna.c4csUITests;
				PRODUCT_NAME = "$(TARGET_NAME)";
				SWIFT_VERSION = 3.0;
				TEST_TARGET_NAME = c4cs;
			};
			name = Release;
		};
/* End XCBuildConfiguration section */

/* Begin XCConfigurationList section */
		3566C14E1E949768004FD897 /* Build configuration list for PBXProject "c4cs" */ = {
			isa = XCConfigurationList;
			buildConfigurations = (
				3566C1791E949769004FD897 /* Debug */,
				3566C17A1E949769004FD897 /* Release */,
			);
			defaultConfigurationIsVisible = 0;
			defaultConfigurationName = Release;
		};
		3566C17B1E949769004FD897 /* Build configuration list for PBXNativeTarget "c4cs" */ = {
			isa = XCConfigurationList;
			buildConfigurations = (
				3566C17C1E949769004FD897 /* Debug */,
				3566C17D1E949769004FD897 /* Release */,
			);
			defaultConfigurationIsVisible = 0;
		};
		3566C17E1E949769004FD897 /* Build configuration list for PBXNativeTarget "c4csTests" */ = {
			isa = XCConfigurationList;
			buildConfigurations = (
				3566C17F1E949769004FD897 /* Debug */,
				3566C1801E949769004FD897 /* Release */,
			);
			defaultConfigurationIsVisible = 0;
		};
		3566C1811E949769004FD897 /* Build configuration list for PBXNativeTarget "c4csUITests" */ = {
			isa = XCConfigurationList;
			buildConfigurations = (
				3566C1821E949769004FD897 /* Debug */,
				3566C1831E949769004FD897 /* Release */,
			);
			defaultConfigurationIsVisible = 0;
		};
/* End XCConfigurationList section */
	};
	rootObject = 3566C14B1E949768004FD897 /* Project object */;
}
